
Microsoft Visual Studio Solution File, Format Version 12.00
# Visual Studio 15
VisualStudioVersion = 15.0.27428.2011
MinimumVisualStudioVersion = 10.0.40219.1
Project("{FAE04EC0-301F-11D3-BF4B-00C04F79EFBC}") = "OpenGLPlayground", "OpenGLPlayground\OpenGLPlayground.csproj", "{E6773C50-76DE-478F-83F5-51657E6AB437}"
	ProjectSection(ProjectDependencies) = postProject
		{A98685DC-92C7-4B65-9CE2-BF06CF6622AB} = {A98685DC-92C7-4B65-9CE2-BF06CF6622AB}
	EndProjectSection
EndProject
Project("{FAE04EC0-301F-11D3-BF4B-00C04F79EFBC}") = "OpenGLControl", "OpenGLControl\OpenGLControl.csproj", "{A98685DC-92C7-4B65-9CE2-BF06CF6622AB}"
EndProject
Project("{8BC9CEB8-8B4A-11D0-8D11-00A0C91BC942}") = "OpenGLNative", "OpenGLNative\OpenGLNative.vcxproj", "{23BF99B8-A9DB-45E0-AB63-E88F3D2B0E29}"
EndProject
Project("{8BC9CEB8-8B4A-11D0-8D11-00A0C91BC942}") = "OpenGLWrapper", "OpenGLWrapper\OpenGLWrapper.vcxproj", "{F0FC2E64-EC62-4530-9977-D7CC5FBAA0B7}"
	ProjectSection(ProjectDependencies) = postProject
		{23BF99B8-A9DB-45E0-AB63-E88F3D2B0E29} = {23BF99B8-A9DB-45E0-AB63-E88F3D2B0E29}
	EndProjectSection
EndProject
Global
	GlobalSection(SolutionConfigurationPlatforms) = preSolution
		Debug|x64 = Debug|x64
		Release|x64 = Release|x64
	EndGlobalSection
	GlobalSection(ProjectConfigurationPlatforms) = postSolution
		{E6773C50-76DE-478F-83F5-51657E6AB437}.Debug|x64.ActiveCfg = Debug|x64
		{E6773C50-76DE-478F-83F5-51657E6AB437}.Debug|x64.Build.0 = Debug|x64
		{E6773C50-76DE-478F-83F5-51657E6AB437}.Release|x64.ActiveCfg = Release|x64
		{E6773C50-76DE-478F-83F5-51657E6AB437}.Release|x64.Build.0 = Release|x64
		{A98685DC-92C7-4B65-9CE2-BF06CF6622AB}.Debug|x64.ActiveCfg = Debug|x64
		{A98685DC-92C7-4B65-9CE2-BF06CF6622AB}.Debug|x64.Build.0 = Debug|x64
		{A98685DC-92C7-4B65-9CE2-BF06CF6622AB}.Release|x64.ActiveCfg = Release|x64
		{A98685DC-92C7-4B65-9CE2-BF06CF6622AB}.Release|x64.Build.0 = Release|x64
		{23BF99B8-A9DB-45E0-AB63-E88F3D2B0E29}.Debug|x64.ActiveCfg = Debug|x64
		{23BF99B8-A9DB-45E0-AB63-E88F3D2B0E29}.Debug|x64.Build.0 = Debug|x64
		{23BF99B8-A9DB-45E0-AB63-E88F3D2B0E29}.Release|x64.ActiveCfg = Release|x64
		{23BF99B8-A9DB-45E0-AB63-E88F3D2B0E29}.Release|x64.Build.0 = Release|x64
		{F0FC2E64-EC62-4530-9977-D7CC5FBAA0B7}.Debug|x64.ActiveCfg = Debug|x64
		{F0FC2E64-EC62-4530-9977-D7CC5FBAA0B7}.Debug|x64.Build.0 = Debug|x64
		{F0FC2E64-EC62-4530-9977-D7CC5FBAA0B7}.Release|x64.ActiveCfg = Release|x64
		{F0FC2E64-EC62-4530-9977-D7CC5FBAA0B7}.Release|x64.Build.0 = Release|x64
	EndGlobalSection
	GlobalSection(SolutionProperties) = preSolution
		HideSolutionNode = FALSE
	EndGlobalSection
	GlobalSection(ExtensibilityGlobals) = postSolution
		SolutionGuid = {62B0B3EA-DDA9-40D1-A915-B33ECFFB004D}
	EndGlobalSection
EndGlobal
